# This file was autogenerated by Stack.
# You should not edit this file by hand.
# For more information, please see the documentation at:
#   https://docs.haskellstack.org/en/stable/lock_files

packages:
- completed:
    hackage: hpack-0.34.4@sha256:f3ea3b8afb16c3e0b20427d1c79e7ef7358027306d1261c1a585f9a35057063f,4521
    pantry-tree:
      sha256: 5cbe7a71296699664d89b6e81122ff55938000a0b1dae2620ee2b04b307f1d55
      size: 3422
  original:
    hackage: hpack-0.34.4
- completed:
    hackage: data-clist-0.1.2.3@sha256:1e26251c8921821c8a1c7e168955449822f1bacf03d056cc59c84fd2863a0f8e,983
    pantry-tree:
      sha256: d4b6685ed28130114f99aead9854656ea5a7006e8598ad948c953a20e786e43d
      size: 219
  original:
    hackage: data-clist-0.1.2.3
- completed:
    hackage: ghcide-1.3.0.0@sha256:fa0a5256f51fe4e0aabe86feb74f18ede156c73a587641991bc53c22773ed521,11885
    pantry-tree:
      sha256: 3de38b40302221322fbf9e6d8a6af742235f150af57905fb94d6883b8e6a7024
      size: 12187
  original:
    hackage: ghcide-1.3.0.0
snapshots:
- completed:
    sha256: 14ca51a9a597c32dd7804c10d079feea3d0ae40c5fbbb346cbd67b3ae49f6d01
    size: 649598
    url: https://raw.githubusercontent.com/commercialhaskell/stackage-snapshots/master/lts/20/17.yaml
  original: lts-20.17
